
Microsoft Visual Studio Solution File, Format Version 12.00
# Visual Studio Version 17
VisualStudioVersion = 17.9.34616.47
MinimumVisualStudioVersion = 10.0.40219.1
Project("{FAE04EC0-301F-11D3-BF4B-00C04F79EFBC}") = "BackgroundJobConsole", "BackgroundJobConsole\BackgroundJobConsole.csproj", "{C3A2B8E1-FBFD-4A81-892F-47C219D06C6B}"
EndProject
Project("{FAE04EC0-301F-11D3-BF4B-00C04F79EFBC}") = "BackgroundJobWeb", "BackgroundJobWeb\BackgroundJobWeb.csproj", "{71E718CF-C9E5-4FA1-9474-943BDC700694}"
EndProject
Global
	GlobalSection(SolutionConfigurationPlatforms) = preSolution
		Debug|Any CPU = Debug|Any CPU
		Release|Any CPU = Release|Any CPU
	EndGlobalSection
	GlobalSection(ProjectConfigurationPlatforms) = postSolution
		{C3A2B8E1-FBFD-4A81-892F-47C219D06C6B}.Debug|Any CPU.ActiveCfg = Debug|Any CPU
		{C3A2B8E1-FBFD-4A81-892F-47C219D06C6B}.Debug|Any CPU.Build.0 = Debug|Any CPU
		{C3A2B8E1-FBFD-4A81-892F-47C219D06C6B}.Release|Any CPU.ActiveCfg = Release|Any CPU
		{C3A2B8E1-FBFD-4A81-892F-47C219D06C6B}.Release|Any CPU.Build.0 = Release|Any CPU
		{71E718CF-C9E5-4FA1-9474-943BDC700694}.Debug|Any CPU.ActiveCfg = Debug|Any CPU
		{71E718CF-C9E5-4FA1-9474-943BDC700694}.Debug|Any CPU.Build.0 = Debug|Any CPU
		{71E718CF-C9E5-4FA1-9474-943BDC700694}.Release|Any CPU.ActiveCfg = Release|Any CPU
		{71E718CF-C9E5-4FA1-9474-943BDC700694}.Release|Any CPU.Build.0 = Release|Any CPU
	EndGlobalSection
	GlobalSection(SolutionProperties) = preSolution
		HideSolutionNode = FALSE
	EndGlobalSection
	GlobalSection(ExtensibilityGlobals) = postSolution
		SolutionGuid = {12CB3DA7-8648-4C9B-BEB4-917AF8AB2546}
	EndGlobalSection
EndGlobal
